Microsoft Visual Studio Solution File, Format Version 12.00
# Visual Studio Version 17
VisualStudioVersion = 17.5.2.0
MinimumVisualStudioVersion = 10.0.40219.1
Project("{FAE04EC0-301F-11D3-BF4B-00C04F79EFBC}") = "Projeto Final", "Projeto Final.csproj", "{FE6854C2-7D2A-100F-0D75-83608C889526}"
EndProject
Global
	GlobalSection(SolutionConfigurationPlatforms) = preSolution
		Debug|Any CPU = Debug|Any CPU
		Release|Any CPU = Release|Any CPU
	EndGlobalSection
	GlobalSection(ProjectConfigurationPlatforms) = postSolution
		{FE6854C2-7D2A-100F-0D75-83608C889526}.Debug|Any CPU.ActiveCfg = Debug|Any CPU
		{FE6854C2-7D2A-100F-0D75-83608C889526}.Debug|Any CPU.Build.0 = Debug|Any CPU
		{FE6854C2-7D2A-100F-0D75-83608C889526}.Release|Any CPU.ActiveCfg = Release|Any CPU
		{FE6854C2-7D2A-100F-0D75-83608C889526}.Release|Any CPU.Build.0 = Release|Any CPU
	EndGlobalSection
	GlobalSection(SolutionProperties) = preSolution
		HideSolutionNode = FALSE
	EndGlobalSection
	GlobalSection(ExtensibilityGlobals) = postSolution
		SolutionGuid = {1E431F62-0409-4B64-A114-00F4FB6A1B16}
	EndGlobalSection
EndGlobal
